
Microsoft Visual Studio Solution File, Format Version 12.00
# Visual Studio Version 17
VisualStudioVersion = 17.6.33815.320
MinimumVisualStudioVersion = 10.0.40219.1
Project("{FAE04EC0-301F-11D3-BF4B-00C04F79EFBC}") = "MVC_Countries_Lab", "MVC_Countries_Lab\MVC_Countries_Lab.csproj", "{F3E1A8CD-1036-497D-9915-556C65C11716}"
EndProject
Global
	GlobalSection(SolutionConfigurationPlatforms) = preSolution
		Debug|Any CPU = Debug|Any CPU
		Release|Any CPU = Release|Any CPU
	EndGlobalSection
	GlobalSection(ProjectConfigurationPlatforms) = postSolution
		{F3E1A8CD-1036-497D-9915-556C65C11716}.Debug|Any CPU.ActiveCfg = Debug|Any CPU
		{F3E1A8CD-1036-497D-9915-556C65C11716}.Debug|Any CPU.Build.0 = Debug|Any CPU
		{F3E1A8CD-1036-497D-9915-556C65C11716}.Release|Any CPU.ActiveCfg = Release|Any CPU
		{F3E1A8CD-1036-497D-9915-556C65C11716}.Release|Any CPU.Build.0 = Release|Any CPU
	EndGlobalSection
	GlobalSection(SolutionProperties) = preSolution
		HideSolutionNode = FALSE
	EndGlobalSection
	GlobalSection(ExtensibilityGlobals) = postSolution
		SolutionGuid = {223FB9C1-C7E7-497A-A2C0-2B31A4B2A8DE}
	EndGlobalSection
EndGlobal
